{
  "name": "q2g-ext-bookmark",
  "version": "0.0.1",
  "lockfileVersion": 1,
  "requires": true,
  "dependencies": {
    "@types/angular": {
      "version": "1.6.27",
      "resolved": "https://registry.npmjs.org/@types/angular/-/angular-1.6.27.tgz",
      "integrity": "sha512-wepfn6wCUsYKBt6yUP6hpptUweu6i/MAyDrFHMDayXgiQ5J5Istl48aogoeH/Z7sG1GoLZ7mVg1togq9QG3t0g==",
      "dev": true
    },
    "@types/jquery": {
      "version": "2.0.34",
      "resolved": "https://registry.npmjs.org/@types/jquery/-/jquery-2.0.34.tgz",
      "integrity": "sha1-J2FbNp8w5XIzYSZRTnRnLdpuPQQ=",
      "dev": true
    },
    "@types/qlik-engineapi": {
      "version": "12.34.0",
      "resolved": "https://registry.npmjs.org/@types/qlik-engineapi/-/qlik-engineapi-12.34.0.tgz",
      "integrity": "sha512-C3kqiv2++T8siHkX0wcf+UvlJlqcg9RpvHokreA2D5FlnkyEnc5jWBgg7PZ09D7bTPGdajgVelt2ldqSAgJDmQ==",
      "dev": true
    },
    "@types/qlik-visualizationextensions": {
      "version": "3.2.3",
      "resolved": "https://registry.npmjs.org/@types/qlik-visualizationextensions/-/qlik-visualizationextensions-3.2.3.tgz",
      "integrity": "sha1-UFlhqcrRTcQg5gm9QMQozsoaPeQ=",
      "dev": true,
      "requires": {
        "@types/angular": "1.6.27"
      }
    },
    "davinci.js": {
      "version": "1.0.1",
      "resolved": "https://registry.npmjs.org/davinci.js/-/davinci.js-1.0.1.tgz",
      "integrity": "sha512-DHN/qXgSdb4M5NksfHScU1h7cTLbOOZgn0ht7rL8Sj/CwjkzoKOWx/uWOXvvxs5HWPEM0bJZZ84c32xHXQOdlg==",
      "requires": {
        "typescript.events": "7.9.0"
      }
    },
    "typescript.events": {
      "version": "7.9.0",
      "resolved": "https://registry.npmjs.org/typescript.events/-/typescript.events-7.9.0.tgz",
      "integrity": "sha1-bXzK73SHxNyQtwBlKKMVKxrp+Pw="
    }
  }
}
